
Microsoft Visual Studio Solution File, Format Version 12.00
# Visual Studio Version 17
VisualStudioVersion = 17.9.34728.123
MinimumVisualStudioVersion = 10.0.40219.1
Project("{FAE04EC0-301F-11D3-BF4B-00C04F79EFBC}") = "VarsityDevApp", "VarsityDevApp.csproj", "{0974546C-76D0-43A9-BDD5-2FDA7216132C}"
EndProject
Project("{9A19103F-16F7-4668-BE54-9A1E7A4F7556}") = "TestProject", "..\TestProject\TestProject.csproj", "{6431B2CD-D983-4CA0-A705-C7A36102D9DC}"
EndProject
Global
	GlobalSection(SolutionConfigurationPlatforms) = preSolution
		Debug|Any CPU = Debug|Any CPU
		Release|Any CPU = Release|Any CPU
	EndGlobalSection
	GlobalSection(ProjectConfigurationPlatforms) = postSolution
		{0974546C-76D0-43A9-BDD5-2FDA7216132C}.Debug|Any CPU.ActiveCfg = Debug|Any CPU
		{0974546C-76D0-43A9-BDD5-2FDA7216132C}.Debug|Any CPU.Build.0 = Debug|Any CPU
		{0974546C-76D0-43A9-BDD5-2FDA7216132C}.Release|Any CPU.ActiveCfg = Release|Any CPU
		{0974546C-76D0-43A9-BDD5-2FDA7216132C}.Release|Any CPU.Build.0 = Release|Any CPU
		{6431B2CD-D983-4CA0-A705-C7A36102D9DC}.Debug|Any CPU.ActiveCfg = Debug|Any CPU
		{6431B2CD-D983-4CA0-A705-C7A36102D9DC}.Debug|Any CPU.Build.0 = Debug|Any CPU
		{6431B2CD-D983-4CA0-A705-C7A36102D9DC}.Release|Any CPU.ActiveCfg = Release|Any CPU
		{6431B2CD-D983-4CA0-A705-C7A36102D9DC}.Release|Any CPU.Build.0 = Release|Any CPU
	EndGlobalSection
	GlobalSection(SolutionProperties) = preSolution
		HideSolutionNode = FALSE
	EndGlobalSection
	GlobalSection(ExtensibilityGlobals) = postSolution
		SolutionGuid = {5DA88361-23DA-4EE8-9A51-904B43CBC49A}
	EndGlobalSection
EndGlobal
